{
  "name": "cssmodules",
  "version": "0.1.0",
  "lockfileVersion": 1,
  "requires": true,
  "dependencies": {
    "hoist-non-react-statics": {
      "version": "1.2.0",
      "resolved": "https://registry.npmjs.org/hoist-non-react-statics/-/hoist-non-react-statics-1.2.0.tgz",
      "integrity": "sha1-qkSM8JhtVcxAdzsXF0t90GbLfPs="
    },
    "lodash": {
      "version": "4.17.10",
      "resolved": "https://registry.npmjs.org/lodash/-/lodash-4.17.10.tgz",
      "integrity": "sha512-UejweD1pDoXu+AD825lWwp4ZGtSwgnpZxb3JDViD7StjQz+Nb/6l093lx4OQ0foGWNRoc19mWy7BzL+UAK2iVg=="
    },
    "object-unfreeze": {
      "version": "1.1.0",
      "resolved": "https://registry.npmjs.org/object-unfreeze/-/object-unfreeze-1.1.0.tgz",
      "integrity": "sha1-aWKL6h88nSn06wumOzgALXDqPOk="
    },
    "react-css-modules": {
      "version": "4.7.4",
      "resolved": "https://registry.npmjs.org/react-css-modules/-/react-css-modules-4.7.4.tgz",
      "integrity": "sha512-+4XKKMwS92md2dptTiuu0/vGGHIWlUDcgbplYxYUBXCgp88O7J9kHC1I/S/SnmbIcb/v9j2Tk7Nf6kk8oXnDpw==",
      "requires": {
        "hoist-non-react-statics": "1.2.0",
        "lodash": "4.17.10",
        "object-unfreeze": "1.1.0"
      }
    }
  }
}
